// !$*UTF8*$!
{
	archiveVersion = 1;
	classes = {
	};
	objectVersion = 56;
	objects = {

/* Begin PBXBuildFile section */
		FD058BA62B468ACE00D4F467 /* SheeBaApp.swift in Sources */ = {isa = PBXBuildFile; fileRef = FD058BA52B468ACE00D4F467 /* SheeBaApp.swift */; };
		FD058BA82B468ACE00D4F467 /* ContentView.swift in Sources */ = {isa = PBXBuildFile; fileRef = FD058BA72B468ACE00D4F467 /* ContentView.swift */; };
		FD058BAA2B468AD000D4F467 /* Assets.xcassets in Resources */ = {isa = PBXBuildFile; fileRef = FD058BA92B468AD000D4F467 /* Assets.xcassets */; };
		FD058BAD2B468AD000D4F467 /* Preview Assets.xcassets in Resources */ = {isa = PBXBuildFile; fileRef = FD058BAC2B468AD000D4F467 /* Preview Assets.xcassets */; };
		FD058C012B468D5E00D4F467 /* Setting.swift in Sources */ = {isa = PBXBuildFile; fileRef = FD058C002B468D5E00D4F467 /* Setting.swift */; };
		FD058C032B468D7C00D4F467 /* BackButtonModifier.swift in Sources */ = {isa = PBXBuildFile; fileRef = FD058C022B468D7C00D4F467 /* BackButtonModifier.swift */; };
		FD058C052B468D8F00D4F467 /* CloseButtonModifier.swift in Sources */ = {isa = PBXBuildFile; fileRef = FD058C042B468D8F00D4F467 /* CloseButtonModifier.swift */; };
		FD058C072B468DA100D4F467 /* AlertBackButtonModifier.swift in Sources */ = {isa = PBXBuildFile; fileRef = FD058C062B468DA100D4F467 /* AlertBackButtonModifier.swift */; };
		FD058C092B468DB900D4F467 /* SingleAlertModifier.swift in Sources */ = {isa = PBXBuildFile; fileRef = FD058C082B468DB900D4F467 /* SingleAlertModifier.swift */; };
		FD058C0B2B468DCA00D4F467 /* DoubleAlertModifier.swift in Sources */ = {isa = PBXBuildFile; fileRef = FD058C0A2B468DCA00D4F467 /* DoubleAlertModifier.swift */; };
		FD058C0D2B468DDC00D4F467 /* TripleAlertModifier.swift in Sources */ = {isa = PBXBuildFile; fileRef = FD058C0C2B468DDC00D4F467 /* TripleAlertModifier.swift */; };
		FD058C0F2B468DEF00D4F467 /* ViewExtension.swift in Sources */ = {isa = PBXBuildFile; fileRef = FD058C0E2B468DEF00D4F467 /* ViewExtension.swift */; };
		FD058C112B468E1A00D4F467 /* DestructiveAlertModifier.swift in Sources */ = {isa = PBXBuildFile; fileRef = FD058C102B468E1A00D4F467 /* DestructiveAlertModifier.swift */; };
		FD058C132B468E3B00D4F467 /* UIImageExtension.swift in Sources */ = {isa = PBXBuildFile; fileRef = FD058C122B468E3B00D4F467 /* UIImageExtension.swift */; };
		FD058C152B468E5000D4F467 /* StringExtension.swift in Sources */ = {isa = PBXBuildFile; fileRef = FD058C142B468E4F00D4F467 /* StringExtension.swift */; };
		FD058C172B468E7000D4F467 /* ViewModel.swift in Sources */ = {isa = PBXBuildFile; fileRef = FD058C162B468E7000D4F467 /* ViewModel.swift */; };
		FD058C192B468E9300D4F467 /* ChatUser.swift in Sources */ = {isa = PBXBuildFile; fileRef = FD058C182B468E9300D4F467 /* ChatUser.swift */; };
		FD058C1B2B468EB200D4F467 /* FirebaseManager.swift in Sources */ = {isa = PBXBuildFile; fileRef = FD058C1A2B468EB200D4F467 /* FirebaseManager.swift */; };
		FD058C1D2B468EC400D4F467 /* FirebaseConstants.swift in Sources */ = {isa = PBXBuildFile; fileRef = FD058C1C2B468EC400D4F467 /* FirebaseConstants.swift */; };
		FD058C1F2B468EE400D4F467 /* ChatMessage.swift in Sources */ = {isa = PBXBuildFile; fileRef = FD058C1E2B468EE400D4F467 /* ChatMessage.swift */; };
		FD058C212B468EF400D4F467 /* RecentMessage.swift in Sources */ = {isa = PBXBuildFile; fileRef = FD058C202B468EF400D4F467 /* RecentMessage.swift */; };
		FD058C232B468F0100D4F467 /* Friend.swift in Sources */ = {isa = PBXBuildFile; fileRef = FD058C222B468F0100D4F467 /* Friend.swift */; };
		FD058C252B468F1000D4F467 /* StorePoint.swift in Sources */ = {isa = PBXBuildFile; fileRef = FD058C242B468F1000D4F467 /* StorePoint.swift */; };
		FD058C272B468F4700D4F467 /* TutorialView.swift in Sources */ = {isa = PBXBuildFile; fileRef = FD058C262B468F4700D4F467 /* TutorialView.swift */; };
		FD0BB74F2BBFD1BD00C92BDF /* CodeScanner in Frameworks */ = {isa = PBXBuildFile; productRef = FD0BB74E2BBFD1BD00C92BDF /* CodeScanner */; };
		FD0BB7522BBFD1CD00C92BDF /* SDWebImageSwiftUI in Frameworks */ = {isa = PBXBuildFile; productRef = FD0BB7512BBFD1CD00C92BDF /* SDWebImageSwiftUI */; };
		FD0C49F22B875BC9004FA165 /* Sounds.swift in Sources */ = {isa = PBXBuildFile; fileRef = FD0C49F12B875BC9004FA165 /* Sounds.swift */; };
		FD1161D42B468F9E000B0064 /* EntryView.swift in Sources */ = {isa = PBXBuildFile; fileRef = FD1161D32B468F9E000B0064 /* EntryView.swift */; };
		FD1161D62B468FB6000B0064 /* SetUpUsernameView.swift in Sources */ = {isa = PBXBuildFile; fileRef = FD1161D52B468FB5000B0064 /* SetUpUsernameView.swift */; };
		FD1161D82B468FC6000B0064 /* SetUpEmailView.swift in Sources */ = {isa = PBXBuildFile; fileRef = FD1161D72B468FC6000B0064 /* SetUpEmailView.swift */; };
		FD1161DA2B468FD4000B0064 /* SetUpPasswordView.swift in Sources */ = {isa = PBXBuildFile; fileRef = FD1161D92B468FD4000B0064 /* SetUpPasswordView.swift */; };
		FD1161DC2B468FE9000B0064 /* LoginView.swift in Sources */ = {isa = PBXBuildFile; fileRef = FD1161DB2B468FE9000B0064 /* LoginView.swift */; };
		FD1161DE2B468FF8000B0064 /* SendEmailView.swift in Sources */ = {isa = PBXBuildFile; fileRef = FD1161DD2B468FF8000B0064 /* SendEmailView.swift */; };
		FD1161E02B469007000B0064 /* ResetPasswordView.swift in Sources */ = {isa = PBXBuildFile; fileRef = FD1161DF2B469007000B0064 /* ResetPasswordView.swift */; };
		FD1161E22B469021000B0064 /* HomeView.swift in Sources */ = {isa = PBXBuildFile; fileRef = FD1161E12B469021000B0064 /* HomeView.swift */; };
		FD1161E42B46903A000B0064 /* MoneyTransferView.swift in Sources */ = {isa = PBXBuildFile; fileRef = FD1161E32B46903A000B0064 /* MoneyTransferView.swift */; };
		FD1161E62B46904D000B0064 /* CreateNewMessageView.swift in Sources */ = {isa = PBXBuildFile; fileRef = FD1161E52B46904D000B0064 /* CreateNewMessageView.swift */; };
		FD1161E82B46936D000B0064 /* ChatLogView.swift in Sources */ = {isa = PBXBuildFile; fileRef = FD1161E72B46936D000B0064 /* ChatLogView.swift */; };
		FD1161EA2B46937D000B0064 /* SendPayView.swift in Sources */ = {isa = PBXBuildFile; fileRef = FD1161E92B46937D000B0064 /* SendPayView.swift */; };
		FD1161EC2B46938C000B0064 /* QRCodeAndCameraView.swift in Sources */ = {isa = PBXBuildFile; fileRef = FD1161EB2B46938C000B0064 /* QRCodeAndCameraView.swift */; };
		FD1161EE2B4693A6000B0064 /* GetPointView.swift in Sources */ = {isa = PBXBuildFile; fileRef = FD1161ED2B4693A6000B0064 /* GetPointView.swift */; };
		FD1161F02B4693B6000B0064 /* StoreQRCodeView.swift in Sources */ = {isa = PBXBuildFile; fileRef = FD1161EF2B4693B6000B0064 /* StoreQRCodeView.swift */; };
		FD1161F22B4693C9000B0064 /* CameraView.swift in Sources */ = {isa = PBXBuildFile; fileRef = FD1161F12B4693C9000B0064 /* CameraView.swift */; };
		FD1161F42B4693DE000B0064 /* AccountView.swift in Sources */ = {isa = PBXBuildFile; fileRef = FD1161F32B4693DE000B0064 /* AccountView.swift */; };
		FD1161F62B4693ED000B0064 /* UpdateUsernameView.swift in Sources */ = {isa = PBXBuildFile; fileRef = FD1161F52B4693ED000B0064 /* UpdateUsernameView.swift */; };
		FD1161F82B4693FE000B0064 /* UserAttributeView.swift in Sources */ = {isa = PBXBuildFile; fileRef = FD1161F72B4693FE000B0064 /* UserAttributeView.swift */; };
		FD1161FA2B469451000B0064 /* Icon.swift in Sources */ = {isa = PBXBuildFile; fileRef = FD1161F92B469451000B0064 /* Icon.swift */; };
		FD1161FC2B469461000B0064 /* CustomCapsule.swift in Sources */ = {isa = PBXBuildFile; fileRef = FD1161FB2B469461000B0064 /* CustomCapsule.swift */; };
		FD1161FE2B469470000B0064 /* InputText.swift in Sources */ = {isa = PBXBuildFile; fileRef = FD1161FD2B469470000B0064 /* InputText.swift */; };
		FD1162002B46947F000B0064 /* MessageView.swift in Sources */ = {isa = PBXBuildFile; fileRef = FD1161FF2B46947F000B0064 /* MessageView.swift */; };
		FD1162022B46949D000B0064 /* ImagePicker.swift in Sources */ = {isa = PBXBuildFile; fileRef = FD1162012B46949D000B0064 /* ImagePicker.swift */; };
		FD1162042B4694AD000B0064 /* Indicator.swift in Sources */ = {isa = PBXBuildFile; fileRef = FD1162032B4694AD000B0064 /* Indicator.swift */; };
		FD1255AC2B721B6C00724EFD /* RankingView.swift in Sources */ = {isa = PBXBuildFile; fileRef = FD1255AB2B721B6C00724EFD /* RankingView.swift */; };
		FD1255AE2B73443500724EFD /* TodaysGetPointView.swift in Sources */ = {isa = PBXBuildFile; fileRef = FD1255AD2B73443500724EFD /* TodaysGetPointView.swift */; };
		FD14C99F2BC2B3E90071A8F4 /* StoreDetailView.swift in Sources */ = {isa = PBXBuildFile; fileRef = FD14C99E2BC2B3E90071A8F4 /* StoreDetailView.swift */; };
		FD1BFDD92B4A7E780049CC53 /* UIViewExtension.swift in Sources */ = {isa = PBXBuildFile; fileRef = FD1BFDD82B4A7E780049CC53 /* UIViewExtension.swift */; };
		FD1BFDDB2B4A7FF70049CC53 /* ActivityView.swift in Sources */ = {isa = PBXBuildFile; fileRef = FD1BFDDA2B4A7FF70049CC53 /* ActivityView.swift */; };
		FD2D21E52C990E0C00CE2C6E /* Stores.swift in Sources */ = {isa = PBXBuildFile; fileRef = FD2D21E42C990E0C00CE2C6E /* Stores.swift */; };
		FD2D21E72C99118500CE2C6E /* CreateStoresView.swift in Sources */ = {isa = PBXBuildFile; fileRef = FD2D21E62C99118500CE2C6E /* CreateStoresView.swift */; };
		FD2D21E92CA282D200CE2C6E /* CreateMapView.swift in Sources */ = {isa = PBXBuildFile; fileRef = FD2D21E82CA282D200CE2C6E /* CreateMapView.swift */; };
		FD2D21EB2CA2908300CE2C6E /* StoreEditListView.swift in Sources */ = {isa = PBXBuildFile; fileRef = FD2D21EA2CA2908300CE2C6E /* StoreEditListView.swift */; };
		FD2DF3202B845DF90019E01D /* CreateAdvertisementView.swift in Sources */ = {isa = PBXBuildFile; fileRef = FD2DF31F2B845DF90019E01D /* CreateAdvertisementView.swift */; };
		FD2DF3232B846DF70019E01D /* AdvertisementDetailView.swift in Sources */ = {isa = PBXBuildFile; fileRef = FD2DF3222B846DF70019E01D /* AdvertisementDetailView.swift */; };
		FD2DF3262B848FEA0019E01D /* StoreInfoListView.swift in Sources */ = {isa = PBXBuildFile; fileRef = FD2DF3252B848FEA0019E01D /* StoreInfoListView.swift */; };
		FD2DF3282B8499520019E01D /* EditStoreInfoView.swift in Sources */ = {isa = PBXBuildFile; fileRef = FD2DF3272B8499520019E01D /* EditStoreInfoView.swift */; };
		FD2FA5932B70CBA500580C36 /* QRCodeScanner.swift in Sources */ = {isa = PBXBuildFile; fileRef = FD2FA5922B70CBA500580C36 /* QRCodeScanner.swift */; };
		FD2FA5952B70CCFD00580C36 /* QRScannerViewController.swift in Sources */ = {isa = PBXBuildFile; fileRef = FD2FA5942B70CCFD00580C36 /* QRScannerViewController.swift */; };
		FD38C1552B6A136E00714172 /* AlertNotification.swift in Sources */ = {isa = PBXBuildFile; fileRef = FD38C1542B6A136E00714172 /* AlertNotification.swift */; };
		FD3E68792B4D616200436F0A /* QRCodeView.swift in Sources */ = {isa = PBXBuildFile; fileRef = FD3E68782B4D616200436F0A /* QRCodeView.swift */; };
		FD4122B82B46C46C0050F0BC /* GoogleService-Info.plist in Resources */ = {isa = PBXBuildFile; fileRef = FD4122B72B46C46B0050F0BC /* GoogleService-Info.plist */; };
		FD4122BB2B47BA9D0050F0BC /* MailCompose.swift in Sources */ = {isa = PBXBuildFile; fileRef = FD4122BA2B47BA9D0050F0BC /* MailCompose.swift */; };
		FD4122BE2B47C6CD0050F0BC /* SetUpPhoneView.swift in Sources */ = {isa = PBXBuildFile; fileRef = FD4122BD2B47C6CD0050F0BC /* SetUpPhoneView.swift */; };
		FD4122C02B47C8E90050F0BC /* SMSAuthView.swift in Sources */ = {isa = PBXBuildFile; fileRef = FD4122BF2B47C8E90050F0BC /* SMSAuthView.swift */; };
		FD4122C22B4823920050F0BC /* ConfirmEmailView.swift in Sources */ = {isa = PBXBuildFile; fileRef = FD4122C12B4823920050F0BC /* ConfirmEmailView.swift */; };
		FD4958512B4A26C700FE41EC /* NotConfirmEmailView.swift in Sources */ = {isa = PBXBuildFile; fileRef = FD4958502B4A26C700FE41EC /* NotConfirmEmailView.swift */; };
		FD50703D2B4B9A4B008C42E7 /* UpdateImageView.swift in Sources */ = {isa = PBXBuildFile; fileRef = FD50703C2B4B9A4B008C42E7 /* UpdateImageView.swift */; };
		FD7182E42BC0101E00F19579 /* FirebaseAnalytics in Frameworks */ = {isa = PBXBuildFile; productRef = FD7182E32BC0101E00F19579 /* FirebaseAnalytics */; };
		FD7182E62BC0101E00F19579 /* FirebaseAnalyticsOnDeviceConversion in Frameworks */ = {isa = PBXBuildFile; productRef = FD7182E52BC0101E00F19579 /* FirebaseAnalyticsOnDeviceConversion */; };
		FD7182E82BC0101E00F19579 /* FirebaseAnalyticsSwift in Frameworks */ = {isa = PBXBuildFile; productRef = FD7182E72BC0101E00F19579 /* FirebaseAnalyticsSwift */; };
		FD7182EA2BC0101E00F19579 /* FirebaseAnalyticsWithoutAdIdSupport in Frameworks */ = {isa = PBXBuildFile; productRef = FD7182E92BC0101E00F19579 /* FirebaseAnalyticsWithoutAdIdSupport */; };
		FD7182EC2BC0101E00F19579 /* FirebaseAppCheck in Frameworks */ = {isa = PBXBuildFile; productRef = FD7182EB2BC0101E00F19579 /* FirebaseAppCheck */; };
		FD7182EE2BC0101E00F19579 /* FirebaseAppDistribution-Beta in Frameworks */ = {isa = PBXBuildFile; productRef = FD7182ED2BC0101E00F19579 /* FirebaseAppDistribution-Beta */; };
		FD7182F02BC0101E00F19579 /* FirebaseAuth in Frameworks */ = {isa = PBXBuildFile; productRef = FD7182EF2BC0101E00F19579 /* FirebaseAuth */; };
		FD7182F22BC0101E00F19579 /* FirebaseAuthCombine-Community in Frameworks */ = {isa = PBXBuildFile; productRef = FD7182F12BC0101E00F19579 /* FirebaseAuthCombine-Community */; };
		FD7182F42BC0101E00F19579 /* FirebaseCrashlytics in Frameworks */ = {isa = PBXBuildFile; productRef = FD7182F32BC0101E00F19579 /* FirebaseCrashlytics */; };
		FD7182F62BC0101E00F19579 /* FirebaseDatabase in Frameworks */ = {isa = PBXBuildFile; productRef = FD7182F52BC0101E00F19579 /* FirebaseDatabase */; };
		FD7182F82BC0101E00F19579 /* FirebaseDatabaseSwift in Frameworks */ = {isa = PBXBuildFile; productRef = FD7182F72BC0101E00F19579 /* FirebaseDatabaseSwift */; };
		FD7182FA2BC0101E00F19579 /* FirebaseDynamicLinks in Frameworks */ = {isa = PBXBuildFile; productRef = FD7182F92BC0101E00F19579 /* FirebaseDynamicLinks */; };
		FD7182FC2BC0101E00F19579 /* FirebaseFirestore in Frameworks */ = {isa = PBXBuildFile; productRef = FD7182FB2BC0101E00F19579 /* FirebaseFirestore */; };
		FD7182FE2BC0101E00F19579 /* FirebaseFirestoreCombine-Community in Frameworks */ = {isa = PBXBuildFile; productRef = FD7182FD2BC0101E00F19579 /* FirebaseFirestoreCombine-Community */; };
		FD7183002BC0101E00F19579 /* FirebaseFirestoreSwift in Frameworks */ = {isa = PBXBuildFile; productRef = FD7182FF2BC0101E00F19579 /* FirebaseFirestoreSwift */; };
		FD7183022BC0101E00F19579 /* FirebaseFunctions in Frameworks */ = {isa = PBXBuildFile; productRef = FD7183012BC0101E00F19579 /* FirebaseFunctions */; };
		FD7183042BC0101E00F19579 /* FirebaseFunctionsCombine-Community in Frameworks */ = {isa = PBXBuildFile; productRef = FD7183032BC0101E00F19579 /* FirebaseFunctionsCombine-Community */; };
		FD7183062BC0101E00F19579 /* FirebaseInAppMessaging-Beta in Frameworks */ = {isa = PBXBuildFile; productRef = FD7183052BC0101E00F19579 /* FirebaseInAppMessaging-Beta */; };
		FD7183082BC0101E00F19579 /* FirebaseInAppMessagingSwift-Beta in Frameworks */ = {isa = PBXBuildFile; productRef = FD7183072BC0101E00F19579 /* FirebaseInAppMessagingSwift-Beta */; };
		FD71830A2BC0101E00F19579 /* FirebaseInstallations in Frameworks */ = {isa = PBXBuildFile; productRef = FD7183092BC0101E00F19579 /* FirebaseInstallations */; };
		FD71830C2BC0101E00F19579 /* FirebaseMLModelDownloader in Frameworks */ = {isa = PBXBuildFile; productRef = FD71830B2BC0101E00F19579 /* FirebaseMLModelDownloader */; };
		FD71830E2BC0101E00F19579 /* FirebaseMessaging in Frameworks */ = {isa = PBXBuildFile; productRef = FD71830D2BC0101E00F19579 /* FirebaseMessaging */; };
		FD7183102BC0101E00F19579 /* FirebasePerformance in Frameworks */ = {isa = PBXBuildFile; productRef = FD71830F2BC0101E00F19579 /* FirebasePerformance */; };
		FD7183122BC0101E00F19579 /* FirebaseRemoteConfig in Frameworks */ = {isa = PBXBuildFile; productRef = FD7183112BC0101E00F19579 /* FirebaseRemoteConfig */; };
		FD7183142BC0101E00F19579 /* FirebaseRemoteConfigSwift in Frameworks */ = {isa = PBXBuildFile; productRef = FD7183132BC0101E00F19579 /* FirebaseRemoteConfigSwift */; };
		FD7183162BC0101E00F19579 /* FirebaseStorage in Frameworks */ = {isa = PBXBuildFile; productRef = FD7183152BC0101E00F19579 /* FirebaseStorage */; };
		FD7183182BC0101E00F19579 /* FirebaseStorageCombine-Community in Frameworks */ = {isa = PBXBuildFile; productRef = FD7183172BC0101E00F19579 /* FirebaseStorageCombine-Community */; };
		FD78E3B92C8AF90800BF346A /* DoubleTextAlertModifier.swift in Sources */ = {isa = PBXBuildFile; fileRef = FD78E3B82C8AF90800BF346A /* DoubleTextAlertModifier.swift */; };
		FD8AC78A2BBEA979007B688E /* MapPin.swift in Sources */ = {isa = PBXBuildFile; fileRef = FD8AC7892BBEA979007B688E /* MapPin.swift */; };
		FD9006152B9079C6006F68E0 /* MapView.swift in Sources */ = {isa = PBXBuildFile; fileRef = FD9006142B9079C6006F68E0 /* MapView.swift */; };
		FDD4B41E2B834942002729A1 /* Advertisement.swift in Sources */ = {isa = PBXBuildFile; fileRef = FDD4B41D2B834942002729A1 /* Advertisement.swift */; };
		FDDF445F2B786E0500156558 /* NotificationListView.swift in Sources */ = {isa = PBXBuildFile; fileRef = FDDF445E2B786E0500156558 /* NotificationListView.swift */; };
		FDDF44622B79FAC200156558 /* CreateNotificationView.swift in Sources */ = {isa = PBXBuildFile; fileRef = FDDF44612B79FAC200156558 /* CreateNotificationView.swift */; };
		FDDF44652B7B380300156558 /* NotificationModel.swift in Sources */ = {isa = PBXBuildFile; fileRef = FDDF44642B7B380300156558 /* NotificationModel.swift */; };
		FDDF44672B7C7BE200156558 /* NotificationDetailView.swift in Sources */ = {isa = PBXBuildFile; fileRef = FDDF44662B7C7BE200156558 /* NotificationDetailView.swift */; };
/* End PBXBuildFile section */

/* Begin PBXFileReference section */
		FD058BA22B468ACE00D4F467 /* SheeBa.app */ = {isa = PBXFileReference; explicitFileType = wrapper.application; includeInIndex = 0; path = SheeBa.app; sourceTree = BUILT_PRODUCTS_DIR; };
		FD058BA52B468ACE00D4F467 /* SheeBaApp.swift */ = {isa = PBXFileReference; lastKnownFileType = sourcecode.swift; path = SheeBaApp.swift; sourceTree = "<group>"; };
		FD058BA72B468ACE00D4F467 /* ContentView.swift */ = {isa = PBXFileReference; lastKnownFileType = sourcecode.swift; path = ContentView.swift; sourceTree = "<group>"; };
		FD058BA92B468AD000D4F467 /* Assets.xcassets */ = {isa = PBXFileReference; lastKnownFileType = folder.assetcatalog; path = Assets.xcassets; sourceTree = "<group>"; };
		FD058BAC2B468AD000D4F467 /* Preview Assets.xcassets */ = {isa = PBXFileReference; lastKnownFileType = folder.assetcatalog; path = "Preview Assets.xcassets"; sourceTree = "<group>"; };
		FD058BB32B468B1900D4F467 /* Info.plist */ = {isa = PBXFileReference; lastKnownFileType = text.plist; path = Info.plist; sourceTree = "<group>"; };
		FD058C002B468D5E00D4F467 /* Setting.swift */ = {isa = PBXFileReference; lastKnownFileType = sourcecode.swift; path = Setting.swift; sourceTree = "<group>"; };
		FD058C022B468D7C00D4F467 /* BackButtonModifier.swift */ = {isa = PBXFileReference; lastKnownFileType = sourcecode.swift; path = BackButtonModifier.swift; sourceTree = "<group>"; };
		FD058C042B468D8F00D4F467 /* CloseButtonModifier.swift */ = {isa = PBXFileReference; lastKnownFileType = sourcecode.swift; path = CloseButtonModifier.swift; sourceTree = "<group>"; };
		FD058C062B468DA100D4F467 /* AlertBackButtonModifier.swift */ = {isa = PBXFileReference; lastKnownFileType = sourcecode.swift; path = AlertBackButtonModifier.swift; sourceTree = "<group>"; };
		FD058C082B468DB900D4F467 /* SingleAlertModifier.swift */ = {isa = PBXFileReference; lastKnownFileType = sourcecode.swift; path = SingleAlertModifier.swift; sourceTree = "<group>"; };
		FD058C0A2B468DCA00D4F467 /* DoubleAlertModifier.swift */ = {isa = PBXFileReference; lastKnownFileType = sourcecode.swift; path = DoubleAlertModifier.swift; sourceTree = "<group>"; };
		FD058C0C2B468DDC00D4F467 /* TripleAlertModifier.swift */ = {isa = PBXFileReference; lastKnownFileType = sourcecode.swift; path = TripleAlertModifier.swift; sourceTree = "<group>"; };
		FD058C0E2B468DEF00D4F467 /* ViewExtension.swift */ = {isa = PBXFileReference; lastKnownFileType = sourcecode.swift; path = ViewExtension.swift; sourceTree = "<group>"; };
		FD058C102B468E1A00D4F467 /* DestructiveAlertModifier.swift */ = {isa = PBXFileReference; lastKnownFileType = sourcecode.swift; path = DestructiveAlertModifier.swift; sourceTree = "<group>"; };
		FD058C122B468E3B00D4F467 /* UIImageExtension.swift */ = {isa = PBXFileReference; lastKnownFileType = sourcecode.swift; path = UIImageExtension.swift; sourceTree = "<group>"; };
		FD058C142B468E4F00D4F467 /* StringExtension.swift */ = {isa = PBXFileReference; lastKnownFileType = sourcecode.swift; path = StringExtension.swift; sourceTree = "<group>"; };
		FD058C162B468E7000D4F467 /* ViewModel.swift */ = {isa = PBXFileReference; lastKnownFileType = sourcecode.swift; path = ViewModel.swift; sourceTree = "<group>"; };
		FD058C182B468E9300D4F467 /* ChatUser.swift */ = {isa = PBXFileReference; lastKnownFileType = sourcecode.swift; path = ChatUser.swift; sourceTree = "<group>"; };
		FD058C1A2B468EB200D4F467 /* FirebaseManager.swift */ = {isa = PBXFileReference; lastKnownFileType = sourcecode.swift; path = FirebaseManager.swift; sourceTree = "<group>"; };
		FD058C1C2B468EC400D4F467 /* FirebaseConstants.swift */ = {isa = PBXFileReference; lastKnownFileType = sourcecode.swift; path = FirebaseConstants.swift; sourceTree = "<group>"; };
		FD058C1E2B468EE400D4F467 /* ChatMessage.swift */ = {isa = PBXFileReference; lastKnownFileType = sourcecode.swift; path = ChatMessage.swift; sourceTree = "<group>"; };
		FD058C202B468EF400D4F467 /* RecentMessage.swift */ = {isa = PBXFileReference; lastKnownFileType = sourcecode.swift; path = RecentMessage.swift; sourceTree = "<group>"; };
		FD058C222B468F0100D4F467 /* Friend.swift */ = {isa = PBXFileReference; lastKnownFileType = sourcecode.swift; path = Friend.swift; sourceTree = "<group>"; };
		FD058C242B468F1000D4F467 /* StorePoint.swift */ = {isa = PBXFileReference; lastKnownFileType = sourcecode.swift; path = StorePoint.swift; sourceTree = "<group>"; };
		FD058C262B468F4700D4F467 /* TutorialView.swift */ = {isa = PBXFileReference; lastKnownFileType = sourcecode.swift; path = TutorialView.swift; sourceTree = "<group>"; };
		FD0C49F12B875BC9004FA165 /* Sounds.swift */ = {isa = PBXFileReference; lastKnownFileType = sourcecode.swift; path = Sounds.swift; sourceTree = "<group>"; };
		FD1161D32B468F9E000B0064 /* EntryView.swift */ = {isa = PBXFileReference; lastKnownFileType = sourcecode.swift; path = EntryView.swift; sourceTree = "<group>"; };
		FD1161D52B468FB5000B0064 /* SetUpUsernameView.swift */ = {isa = PBXFileReference; lastKnownFileType = sourcecode.swift; path = SetUpUsernameView.swift; sourceTree = "<group>"; };
		FD1161D72B468FC6000B0064 /* SetUpEmailView.swift */ = {isa = PBXFileReference; lastKnownFileType = sourcecode.swift; path = SetUpEmailView.swift; sourceTree = "<group>"; };
		FD1161D92B468FD4000B0064 /* SetUpPasswordView.swift */ = {isa = PBXFileReference; lastKnownFileType = sourcecode.swift; path = SetUpPasswordView.swift; sourceTree = "<group>"; };
		FD1161DB2B468FE9000B0064 /* LoginView.swift */ = {isa = PBXFileReference; lastKnownFileType = sourcecode.swift; path = LoginView.swift; sourceTree = "<group>"; };
		FD1161DD2B468FF8000B0064 /* SendEmailView.swift */ = {isa = PBXFileReference; lastKnownFileType = sourcecode.swift; path = SendEmailView.swift; sourceTree = "<group>"; };
		FD1161DF2B469007000B0064 /* ResetPasswordView.swift */ = {isa = PBXFileReference; lastKnownFileType = sourcecode.swift; path = ResetPasswordView.swift; sourceTree = "<group>"; };
		FD1161E12B469021000B0064 /* HomeView.swift */ = {isa = PBXFileReference; lastKnownFileType = sourcecode.swift; path = HomeView.swift; sourceTree = "<group>"; };
		FD1161E32B46903A000B0064 /* MoneyTransferView.swift */ = {isa = PBXFileReference; lastKnownFileType = sourcecode.swift; path = MoneyTransferView.swift; sourceTree = "<group>"; };
		FD1161E52B46904D000B0064 /* CreateNewMessageView.swift */ = {isa = PBXFileReference; lastKnownFileType = sourcecode.swift; path = CreateNewMessageView.swift; sourceTree = "<group>"; };
		FD1161E72B46936D000B0064 /* ChatLogView.swift */ = {isa = PBXFileReference; lastKnownFileType = sourcecode.swift; path = ChatLogView.swift; sourceTree = "<group>"; };
		FD1161E92B46937D000B0064 /* SendPayView.swift */ = {isa = PBXFileReference; lastKnownFileType = sourcecode.swift; path = SendPayView.swift; sourceTree = "<group>"; };
		FD1161EB2B46938C000B0064 /* QRCodeAndCameraView.swift */ = {isa = PBXFileReference; lastKnownFileType = sourcecode.swift; path = QRCodeAndCameraView.swift; sourceTree = "<group>"; };
		FD1161ED2B4693A6000B0064 /* GetPointView.swift */ = {isa = PBXFileReference; lastKnownFileType = sourcecode.swift; path = GetPointView.swift; sourceTree = "<group>"; };
		FD1161EF2B4693B6000B0064 /* StoreQRCodeView.swift */ = {isa = PBXFileReference; lastKnownFileType = sourcecode.swift; path = StoreQRCodeView.swift; sourceTree = "<group>"; };
		FD1161F12B4693C9000B0064 /* CameraView.swift */ = {isa = PBXFileReference; lastKnownFileType = sourcecode.swift; path = CameraView.swift; sourceTree = "<group>"; };
		FD1161F32B4693DE000B0064 /* AccountView.swift */ = {isa = PBXFileReference; lastKnownFileType = sourcecode.swift; path = AccountView.swift; sourceTree = "<group>"; };
		FD1161F52B4693ED000B0064 /* UpdateUsernameView.swift */ = {isa = PBXFileReference; lastKnownFileType = sourcecode.swift; path = UpdateUsernameView.swift; sourceTree = "<group>"; };
		FD1161F72B4693FE000B0064 /* UserAttributeView.swift */ = {isa = PBXFileReference; lastKnownFileType = sourcecode.swift; path = UserAttributeView.swift; sourceTree = "<group>"; };
		FD1161F92B469451000B0064 /* Icon.swift */ = {isa = PBXFileReference; lastKnownFileType = sourcecode.swift; path = Icon.swift; sourceTree = "<group>"; };
		FD1161FB2B469461000B0064 /* CustomCapsule.swift */ = {isa = PBXFileReference; lastKnownFileType = sourcecode.swift; path = CustomCapsule.swift; sourceTree = "<group>"; };
		FD1161FD2B469470000B0064 /* InputText.swift */ = {isa = PBXFileReference; lastKnownFileType = sourcecode.swift; path = InputText.swift; sourceTree = "<group>"; };
		FD1161FF2B46947F000B0064 /* MessageView.swift */ = {isa = PBXFileReference; lastKnownFileType = sourcecode.swift; path = MessageView.swift; sourceTree = "<group>"; };
		FD1162012B46949D000B0064 /* ImagePicker.swift */ = {isa = PBXFileReference; lastKnownFileType = sourcecode.swift; path = ImagePicker.swift; sourceTree = "<group>"; };
		FD1162032B4694AD000B0064 /* Indicator.swift */ = {isa = PBXFileReference; lastKnownFileType = sourcecode.swift; path = Indicator.swift; sourceTree = "<group>"; };
		FD1255AB2B721B6C00724EFD /* RankingView.swift */ = {isa = PBXFileReference; lastKnownFileType = sourcecode.swift; path = RankingView.swift; sourceTree = "<group>"; };
		FD1255AD2B73443500724EFD /* TodaysGetPointView.swift */ = {isa = PBXFileReference; lastKnownFileType = sourcecode.swift; path = TodaysGetPointView.swift; sourceTree = "<group>"; };
		FD14C99E2BC2B3E90071A8F4 /* StoreDetailView.swift */ = {isa = PBXFileReference; lastKnownFileType = sourcecode.swift; path = StoreDetailView.swift; sourceTree = "<group>"; };
		FD1BFDD82B4A7E780049CC53 /* UIViewExtension.swift */ = {isa = PBXFileReference; lastKnownFileType = sourcecode.swift; path = UIViewExtension.swift; sourceTree = "<group>"; };
		FD1BFDDA2B4A7FF70049CC53 /* ActivityView.swift */ = {isa = PBXFileReference; lastKnownFileType = sourcecode.swift; path = ActivityView.swift; sourceTree = "<group>"; };
		FD2D21E42C990E0C00CE2C6E /* Stores.swift */ = {isa = PBXFileReference; lastKnownFileType = sourcecode.swift; path = Stores.swift; sourceTree = "<group>"; };
		FD2D21E62C99118500CE2C6E /* CreateStoresView.swift */ = {isa = PBXFileReference; lastKnownFileType = sourcecode.swift; path = CreateStoresView.swift; sourceTree = "<group>"; };
		FD2D21E82CA282D200CE2C6E /* CreateMapView.swift */ = {isa = PBXFileReference; lastKnownFileType = sourcecode.swift; path = CreateMapView.swift; sourceTree = "<group>"; };
		FD2D21EA2CA2908300CE2C6E /* StoreEditListView.swift */ = {isa = PBXFileReference; lastKnownFileType = sourcecode.swift; path = StoreEditListView.swift; sourceTree = "<group>"; };
		FD2DF31F2B845DF90019E01D /* CreateAdvertisementView.swift */ = {isa = PBXFileReference; lastKnownFileType = sourcecode.swift; path = CreateAdvertisementView.swift; sourceTree = "<group>"; };
		FD2DF3222B846DF70019E01D /* AdvertisementDetailView.swift */ = {isa = PBXFileReference; lastKnownFileType = sourcecode.swift; path = AdvertisementDetailView.swift; sourceTree = "<group>"; };
		FD2DF3252B848FEA0019E01D /* StoreInfoListView.swift */ = {isa = PBXFileReference; lastKnownFileType = sourcecode.swift; path = StoreInfoListView.swift; sourceTree = "<group>"; };
		FD2DF3272B8499520019E01D /* EditStoreInfoView.swift */ = {isa = PBXFileReference; lastKnownFileType = sourcecode.swift; path = EditStoreInfoView.swift; sourceTree = "<group>"; };
		FD2FA5922B70CBA500580C36 /* QRCodeScanner.swift */ = {isa = PBXFileReference; lastKnownFileType = sourcecode.swift; path = QRCodeScanner.swift; sourceTree = "<group>"; };
		FD2FA5942B70CCFD00580C36 /* QRScannerViewController.swift */ = {isa = PBXFileReference; lastKnownFileType = sourcecode.swift; path = QRScannerViewController.swift; sourceTree = "<group>"; };
		FD38C1542B6A136E00714172 /* AlertNotification.swift */ = {isa = PBXFileReference; lastKnownFileType = sourcecode.swift; path = AlertNotification.swift; sourceTree = "<group>"; };
		FD3E68782B4D616200436F0A /* QRCodeView.swift */ = {isa = PBXFileReference; lastKnownFileType = sourcecode.swift; path = QRCodeView.swift; sourceTree = "<group>"; };
		FD4122B72B46C46B0050F0BC /* GoogleService-Info.plist */ = {isa = PBXFileReference; fileEncoding = 4; lastKnownFileType = text.plist.xml; path = "GoogleService-Info.plist"; sourceTree = "<group>"; };
		FD4122B92B46CC590050F0BC /* SheeBa.entitlements */ = {isa = PBXFileReference; lastKnownFileType = text.plist.entitlements; path = SheeBa.entitlements; sourceTree = "<group>"; };
		FD4122BA2B47BA9D0050F0BC /* MailCompose.swift */ = {isa = PBXFileReference; lastKnownFileType = sourcecode.swift; path = MailCompose.swift; sourceTree = "<group>"; };
		FD4122BD2B47C6CD0050F0BC /* SetUpPhoneView.swift */ = {isa = PBXFileReference; lastKnownFileType = sourcecode.swift; path = SetUpPhoneView.swift; sourceTree = "<group>"; };
		FD4122BF2B47C8E90050F0BC /* SMSAuthView.swift */ = {isa = PBXFileReference; lastKnownFileType = sourcecode.swift; path = SMSAuthView.swift; sourceTree = "<group>"; };
		FD4122C12B4823920050F0BC /* ConfirmEmailView.swift */ = {isa = PBXFileReference; lastKnownFileType = sourcecode.swift; path = ConfirmEmailView.swift; sourceTree = "<group>"; };
		FD4958502B4A26C700FE41EC /* NotConfirmEmailView.swift */ = {isa = PBXFileReference; lastKnownFileType = sourcecode.swift; path = NotConfirmEmailView.swift; sourceTree = "<group>"; };
		FD50703C2B4B9A4B008C42E7 /* UpdateImageView.swift */ = {isa = PBXFileReference; lastKnownFileType = sourcecode.swift; path = UpdateImageView.swift; sourceTree = "<group>"; };
		FD78E3B82C8AF90800BF346A /* DoubleTextAlertModifier.swift */ = {isa = PBXFileReference; lastKnownFileType = sourcecode.swift; path = DoubleTextAlertModifier.swift; sourceTree = "<group>"; };
		FD8AC7892BBEA979007B688E /* MapPin.swift */ = {isa = PBXFileReference; lastKnownFileType = sourcecode.swift; path = MapPin.swift; sourceTree = "<group>"; };
		FD9006142B9079C6006F68E0 /* MapView.swift */ = {isa = PBXFileReference; lastKnownFileType = sourcecode.swift; path = MapView.swift; sourceTree = "<group>"; };
		FDD4B41D2B834942002729A1 /* Advertisement.swift */ = {isa = PBXFileReference; lastKnownFileType = sourcecode.swift; path = Advertisement.swift; sourceTree = "<group>"; };
		FDDF445E2B786E0500156558 /* NotificationListView.swift */ = {isa = PBXFileReference; lastKnownFileType = sourcecode.swift; path = NotificationListView.swift; sourceTree = "<group>"; };
		FDDF44612B79FAC200156558 /* CreateNotificationView.swift */ = {isa = PBXFileReference; lastKnownFileType = sourcecode.swift; path = CreateNotificationView.swift; sourceTree = "<group>"; };
		FDDF44642B7B380300156558 /* NotificationModel.swift */ = {isa = PBXFileReference; lastKnownFileType = sourcecode.swift; path = NotificationModel.swift; sourceTree = "<group>"; };
		FDDF44662B7C7BE200156558 /* NotificationDetailView.swift */ = {isa = PBXFileReference; lastKnownFileType = sourcecode.swift; path = NotificationDetailView.swift; sourceTree = "<group>"; };
/* End PBXFileReference section */

/* Begin PBXFrameworksBuildPhase section */
		FD058B9F2B468ACE00D4F467 /* Frameworks */ = {
			isa = PBXFrameworksBuildPhase;
			buildActionMask = 2147483647;
			files = (
				FD71830E2BC0101E00F19579 /* FirebaseMessaging in Frameworks */,
				FD0BB7522BBFD1CD00C92BDF /* SDWebImageSwiftUI in Frameworks */,
				FD7183002BC0101E00F19579 /* FirebaseFirestoreSwift in Frameworks */,
				FD7182EA2BC0101E00F19579 /* FirebaseAnalyticsWithoutAdIdSupport in Frameworks */,
				FD7183022BC0101E00F19579 /* FirebaseFunctions in Frameworks */,
				FD0BB74F2BBFD1BD00C92BDF /* CodeScanner in Frameworks */,
				FD7182E42BC0101E00F19579 /* FirebaseAnalytics in Frameworks */,
				FD7182F02BC0101E00F19579 /* FirebaseAuth in Frameworks */,
				FD7182FA2BC0101E00F19579 /* FirebaseDynamicLinks in Frameworks */,
				FD7182F42BC0101E00F19579 /* FirebaseCrashlytics in Frameworks */,
				FD71830C2BC0101E00F19579 /* FirebaseMLModelDownloader in Frameworks */,
				FD7182F82BC0101E00F19579 /* FirebaseDatabaseSwift in Frameworks */,
				FD7182FC2BC0101E00F19579 /* FirebaseFirestore in Frameworks */,
				FD71830A2BC0101E00F19579 /* FirebaseInstallations in Frameworks */,
				FD7183042BC0101E00F19579 /* FirebaseFunctionsCombine-Community in Frameworks */,
				FD7182FE2BC0101E00F19579 /* FirebaseFirestoreCombine-Community in Frameworks */,
				FD7182F62BC0101E00F19579 /* FirebaseDatabase in Frameworks */,
				FD7183102BC0101E00F19579 /* FirebasePerformance in Frameworks */,
				FD7182EC2BC0101E00F19579 /* FirebaseAppCheck in Frameworks */,
				FD7182E62BC0101E00F19579 /* FirebaseAnalyticsOnDeviceConversion in Frameworks */,
				FD7183082BC0101E00F19579 /* FirebaseInAppMessagingSwift-Beta in Frameworks */,
				FD7183142BC0101E00F19579 /* FirebaseRemoteConfigSwift in Frameworks */,
				FD7182E82BC0101E00F19579 /* FirebaseAnalyticsSwift in Frameworks */,
				FD7182EE2BC0101E00F19579 /* FirebaseAppDistribution-Beta in Frameworks */,
				FD7183122BC0101E00F19579 /* FirebaseRemoteConfig in Frameworks */,
				FD7183162BC0101E00F19579 /* FirebaseStorage in Frameworks */,
				FD7182F22BC0101E00F19579 /* FirebaseAuthCombine-Community in Frameworks */,
				FD7183182BC0101E00F19579 /* FirebaseStorageCombine-Community in Frameworks */,
				FD7183062BC0101E00F19579 /* FirebaseInAppMessaging-Beta in Frameworks */,
			);
			runOnlyForDeploymentPostprocessing = 0;
		};
/* End PBXFrameworksBuildPhase section */

/* Begin PBXGroup section */
		FD058B992B468ACE00D4F467 = {
			isa = PBXGroup;
			children = (
				FD058BA42B468ACE00D4F467 /* SheeBa */,
				FD058BA32B468ACE00D4F467 /* Products */,
			);
			sourceTree = "<group>";
		};
		FD058BA32B468ACE00D4F467 /* Products */ = {
			isa = PBXGroup;
			children = (
				FD058BA22B468ACE00D4F467 /* SheeBa.app */,
			);
			name = Products;
			sourceTree = "<group>";
		};
		FD058BA42B468ACE00D4F467 /* SheeBa */ = {
			isa = PBXGroup;
			children = (
				FD4122B92B46CC590050F0BC /* SheeBa.entitlements */,
				FD058BA52B468ACE00D4F467 /* SheeBaApp.swift */,
				FD058BB42B468B5B00D4F467 /* Util */,
				FD058BB52B468B6300D4F467 /* Views */,
				FD058BB62B468B8600D4F467 /* ViewModel */,
				FD058BB72B468B9500D4F467 /* Model */,
				FD4122BC2B47C2720050F0BC /* Trash */,
				FD058BB32B468B1900D4F467 /* Info.plist */,
				FD4122B72B46C46B0050F0BC /* GoogleService-Info.plist */,
				FD058BA92B468AD000D4F467 /* Assets.xcassets */,
				FD058BAB2B468AD000D4F467 /* Preview Content */,
			);
			path = SheeBa;
			sourceTree = "<group>";
		};
		FD058BAB2B468AD000D4F467 /* Preview Content */ = {
			isa = PBXGroup;
			children = (
				FD058BAC2B468AD000D4F467 /* Preview Assets.xcassets */,
			);
			path = "Preview Content";
			sourceTree = "<group>";
		};
		FD058BB42B468B5B00D4F467 /* Util */ = {
			isa = PBXGroup;
			children = (
				FD058C002B468D5E00D4F467 /* Setting.swift */,
				FD058C1A2B468EB200D4F467 /* FirebaseManager.swift */,
				FD058C1C2B468EC400D4F467 /* FirebaseConstants.swift */,
				FD0C49F12B875BC9004FA165 /* Sounds.swift */,
				FD058BB82B468BAB00D4F467 /* Modifier */,
				FD058BB92B468BB600D4F467 /* Extension */,
			);
			path = Util;
			sourceTree = "<group>";
		};
		FD058BB52B468B6300D4F467 /* Views */ = {
			isa = PBXGroup;
			children = (
				FD058BA72B468ACE00D4F467 /* ContentView.swift */,
				FD058BBA2B468BC400D4F467 /* EntryViews */,
				FD058BBB2B468BCE00D4F467 /* SignUpViews */,
				FD058BBC2B468BE500D4F467 /* LoginViews */,
				FD058BBD2B468C2000D4F467 /* HomeViews */,
				FD9006132B9079AB006F68E0 /* MapViews */,
				FD058BBE2B468C3500D4F467 /* CameraViews */,
				FD058BBF2B468C4200D4F467 /* AccountView */,
				FD058BC02B468C5300D4F467 /* AppComponents */,
				FD058BC12B468C6100D4F467 /* UIKit */,
			);
			path = Views;
			sourceTree = "<group>";
		};
		FD058BB62B468B8600D4F467 /* ViewModel */ = {
			isa = PBXGroup;
			children = (
				FD058C162B468E7000D4F467 /* ViewModel.swift */,
			);
			path = ViewModel;
			sourceTree = "<group>";
		};
		FD058BB72B468B9500D4F467 /* Model */ = {
			isa = PBXGroup;
			children = (
				FD058C182B468E9300D4F467 /* ChatUser.swift */,
				FD058C1E2B468EE400D4F467 /* ChatMessage.swift */,
				FD058C202B468EF400D4F467 /* RecentMessage.swift */,
				FD058C222B468F0100D4F467 /* Friend.swift */,
				FD058C242B468F1000D4F467 /* StorePoint.swift */,
				FD38C1542B6A136E00714172 /* AlertNotification.swift */,
				FDDF44642B7B380300156558 /* NotificationModel.swift */,
				FDD4B41D2B834942002729A1 /* Advertisement.swift */,
				FD2D21E42C990E0C00CE2C6E /* Stores.swift */,
			);
			path = Model;
			sourceTree = "<group>";
		};
		FD058BB82B468BAB00D4F467 /* Modifier */ = {
			isa = PBXGroup;
			children = (
				FD058C022B468D7C00D4F467 /* BackButtonModifier.swift */,
				FD058C042B468D8F00D4F467 /* CloseButtonModifier.swift */,
				FD058C062B468DA100D4F467 /* AlertBackButtonModifier.swift */,
				FD058C082B468DB900D4F467 /* SingleAlertModifier.swift */,
				FD058C0A2B468DCA00D4F467 /* DoubleAlertModifier.swift */,
				FD78E3B82C8AF90800BF346A /* DoubleTextAlertModifier.swift */,
				FD058C102B468E1A00D4F467 /* DestructiveAlertModifier.swift */,
				FD058C0C2B468DDC00D4F467 /* TripleAlertModifier.swift */,
			);
			path = Modifier;
			sourceTree = "<group>";
		};
		FD058BB92B468BB600D4F467 /* Extension */ = {
			isa = PBXGroup;
			children = (
				FD058C0E2B468DEF00D4F467 /* ViewExtension.swift */,
				FD058C122B468E3B00D4F467 /* UIImageExtension.swift */,
				FD1BFDD82B4A7E780049CC53 /* UIViewExtension.swift */,
				FD058C142B468E4F00D4F467 /* StringExtension.swift */,
			);
			path = Extension;
			sourceTree = "<group>";
		};
		FD058BBA2B468BC400D4F467 /* EntryViews */ = {
			isa = PBXGroup;
			children = (
				FD1161D32B468F9E000B0064 /* EntryView.swift */,
				FD058C262B468F4700D4F467 /* TutorialView.swift */,
			);
			path = EntryViews;
			sourceTree = "<group>";
		};
		FD058BBB2B468BCE00D4F467 /* SignUpViews */ = {
			isa = PBXGroup;
			children = (
				FD1161D52B468FB5000B0064 /* SetUpUsernameView.swift */,
				FD1161D72B468FC6000B0064 /* SetUpEmailView.swift */,
				FD4122C12B4823920050F0BC /* ConfirmEmailView.swift */,
				FD4958502B4A26C700FE41EC /* NotConfirmEmailView.swift */,
			);
			path = SignUpViews;
			sourceTree = "<group>";
		};
		FD058BBC2B468BE500D4F467 /* LoginViews */ = {
			isa = PBXGroup;
			children = (
				FD1161DB2B468FE9000B0064 /* LoginView.swift */,
				FD1161DD2B468FF8000B0064 /* SendEmailView.swift */,
			);
			path = LoginViews;
			sourceTree = "<group>";
		};
		FD058BBD2B468C2000D4F467 /* HomeViews */ = {
			isa = PBXGroup;
			children = (
				FD1161E12B469021000B0064 /* HomeView.swift */,
				FD1161E92B46937D000B0064 /* SendPayView.swift */,
				FDDF44602B79F5B600156558 /* NotificationViews */,
				FD1255AA2B72192F00724EFD /* MenuButtonViews */,
				FD2DF3212B846DDA0019E01D /* AdvertisementViews */,
				FD058BC22B468C7400D4F467 /* StoreViews */,
				FD3E68772B4D610F00436F0A /* OwnerViews */,
			);
			path = HomeViews;
			sourceTree = "<group>";
		};
		FD058BBE2B468C3500D4F467 /* CameraViews */ = {
			isa = PBXGroup;
			children = (
				FD1161F12B4693C9000B0064 /* CameraView.swift */,
				FD1161ED2B4693A6000B0064 /* GetPointView.swift */,
				FD2FA5922B70CBA500580C36 /* QRCodeScanner.swift */,
				FD2FA5942B70CCFD00580C36 /* QRScannerViewController.swift */,
			);
			path = CameraViews;
			sourceTree = "<group>";
		};
		FD058BBF2B468C4200D4F467 /* AccountView */ = {
			isa = PBXGroup;
			children = (
				FD1161F32B4693DE000B0064 /* AccountView.swift */,
				FD50703C2B4B9A4B008C42E7 /* UpdateImageView.swift */,
				FD1161F52B4693ED000B0064 /* UpdateUsernameView.swift */,
				FD1161F72B4693FE000B0064 /* UserAttributeView.swift */,
				FD2DF3242B848FCA0019E01D /* OwnerViews */,
			);
			path = AccountView;
			sourceTree = "<group>";
		};
		FD058BC02B468C5300D4F467 /* AppComponents */ = {
			isa = PBXGroup;
			children = (
				FD1161F92B469451000B0064 /* Icon.swift */,
				FD1161FB2B469461000B0064 /* CustomCapsule.swift */,
				FD1161FD2B469470000B0064 /* InputText.swift */,
				FD1161FF2B46947F000B0064 /* MessageView.swift */,
				FD8AC7892BBEA979007B688E /* MapPin.swift */,
			);
			path = AppComponents;
			sourceTree = "<group>";
		};
		FD058BC12B468C6100D4F467 /* UIKit */ = {
			isa = PBXGroup;
			children = (
				FD1162012B46949D000B0064 /* ImagePicker.swift */,
				FD1162032B4694AD000B0064 /* Indicator.swift */,
				FD1BFDDA2B4A7FF70049CC53 /* ActivityView.swift */,
			);
			path = UIKit;
			sourceTree = "<group>";
		};
		FD058BC22B468C7400D4F467 /* StoreViews */ = {
			isa = PBXGroup;
			children = (
				FD1161EF2B4693B6000B0064 /* StoreQRCodeView.swift */,
			);
			path = StoreViews;
			sourceTree = "<group>";
		};
		FD1255AA2B72192F00724EFD /* MenuButtonViews */ = {
			isa = PBXGroup;
			children = (
				FD1161E32B46903A000B0064 /* MoneyTransferView.swift */,
				FD1161E52B46904D000B0064 /* CreateNewMessageView.swift */,
				FD1161E72B46936D000B0064 /* ChatLogView.swift */,
				FD1255AB2B721B6C00724EFD /* RankingView.swift */,
				FD1255AD2B73443500724EFD /* TodaysGetPointView.swift */,
			);
			path = MenuButtonViews;
			sourceTree = "<group>";
		};
		FD2DF3212B846DDA0019E01D /* AdvertisementViews */ = {
			isa = PBXGroup;
			children = (
				FD2DF3222B846DF70019E01D /* AdvertisementDetailView.swift */,
			);
			path = AdvertisementViews;
			sourceTree = "<group>";
		};
		FD2DF3242B848FCA0019E01D /* OwnerViews */ = {
			isa = PBXGroup;
			children = (
				FDDF44612B79FAC200156558 /* CreateNotificationView.swift */,
				FD2D21E62C99118500CE2C6E /* CreateStoresView.swift */,
				FD2D21E82CA282D200CE2C6E /* CreateMapView.swift */,
				FD2D21EA2CA2908300CE2C6E /* StoreEditListView.swift */,
				FD2DF3272B8499520019E01D /* EditStoreInfoView.swift */,
			);
			path = OwnerViews;
			sourceTree = "<group>";
		};
		FD3E68772B4D610F00436F0A /* OwnerViews */ = {
			isa = PBXGroup;
			children = (
				FD3E68782B4D616200436F0A /* QRCodeView.swift */,
				FD2DF31F2B845DF90019E01D /* CreateAdvertisementView.swift */,
			);
			path = OwnerViews;
			sourceTree = "<group>";
		};
		FD4122BC2B47C2720050F0BC /* Trash */ = {
			isa = PBXGroup;
			children = (
				FD4122BA2B47BA9D0050F0BC /* MailCompose.swift */,
				FD4122BD2B47C6CD0050F0BC /* SetUpPhoneView.swift */,
				FD4122BF2B47C8E90050F0BC /* SMSAuthView.swift */,
				FD1161D92B468FD4000B0064 /* SetUpPasswordView.swift */,
				FD1161DF2B469007000B0064 /* ResetPasswordView.swift */,
				FD1161EB2B46938C000B0064 /* QRCodeAndCameraView.swift */,
				FD2DF3252B848FEA0019E01D /* StoreInfoListView.swift */,
			);
			path = Trash;
			sourceTree = "<group>";
		};
		FD9006132B9079AB006F68E0 /* MapViews */ = {
			isa = PBXGroup;
			children = (
				FD9006142B9079C6006F68E0 /* MapView.swift */,
				FD14C99E2BC2B3E90071A8F4 /* StoreDetailView.swift */,
			);
			path = MapViews;
			sourceTree = "<group>";
		};
		FDDF44602B79F5B600156558 /* NotificationViews */ = {
			isa = PBXGroup;
			children = (
				FDDF445E2B786E0500156558 /* NotificationListView.swift */,
				FDDF44662B7C7BE200156558 /* NotificationDetailView.swift */,
			);
			path = NotificationViews;
			sourceTree = "<group>";
		};
/* End PBXGroup section */

/* Begin PBXNativeTarget section */
		FD058BA12B468ACE00D4F467 /* SheeBa */ = {
			isa = PBXNativeTarget;
			buildConfigurationList = FD058BB02B468AD000D4F467 /* Build configuration list for PBXNativeTarget "SheeBa" */;
			buildPhases = (
				FD058B9E2B468ACE00D4F467 /* Sources */,
				FD058B9F2B468ACE00D4F467 /* Frameworks */,
				FD058BA02B468ACE00D4F467 /* Resources */,
			);
			buildRules = (
			);
			dependencies = (
			);
			name = SheeBa;
			packageProductDependencies = (
				FD0BB74E2BBFD1BD00C92BDF /* CodeScanner */,
				FD0BB7512BBFD1CD00C92BDF /* SDWebImageSwiftUI */,
				FD7182E32BC0101E00F19579 /* FirebaseAnalytics */,
				FD7182E52BC0101E00F19579 /* FirebaseAnalyticsOnDeviceConversion */,
				FD7182E72BC0101E00F19579 /* FirebaseAnalyticsSwift */,
				FD7182E92BC0101E00F19579 /* FirebaseAnalyticsWithoutAdIdSupport */,
				FD7182EB2BC0101E00F19579 /* FirebaseAppCheck */,
				FD7182ED2BC0101E00F19579 /* FirebaseAppDistribution-Beta */,
				FD7182EF2BC0101E00F19579 /* FirebaseAuth */,
				FD7182F12BC0101E00F19579 /* FirebaseAuthCombine-Community */,
				FD7182F32BC0101E00F19579 /* FirebaseCrashlytics */,
				FD7182F52BC0101E00F19579 /* FirebaseDatabase */,
				FD7182F72BC0101E00F19579 /* FirebaseDatabaseSwift */,
				FD7182F92BC0101E00F19579 /* FirebaseDynamicLinks */,
				FD7182FB2BC0101E00F19579 /* FirebaseFirestore */,
				FD7182FD2BC0101E00F19579 /* FirebaseFirestoreCombine-Community */,
				FD7182FF2BC0101E00F19579 /* FirebaseFirestoreSwift */,
				FD7183012BC0101E00F19579 /* FirebaseFunctions */,
				FD7183032BC0101E00F19579 /* FirebaseFunctionsCombine-Community */,
				FD7183052BC0101E00F19579 /* FirebaseInAppMessaging-Beta */,
				FD7183072BC0101E00F19579 /* FirebaseInAppMessagingSwift-Beta */,
				FD7183092BC0101E00F19579 /* FirebaseInstallations */,
				FD71830B2BC0101E00F19579 /* FirebaseMLModelDownloader */,
				FD71830D2BC0101E00F19579 /* FirebaseMessaging */,
				FD71830F2BC0101E00F19579 /* FirebasePerformance */,
				FD7183112BC0101E00F19579 /* FirebaseRemoteConfig */,
				FD7183132BC0101E00F19579 /* FirebaseRemoteConfigSwift */,
				FD7183152BC0101E00F19579 /* FirebaseStorage */,
				FD7183172BC0101E00F19579 /* FirebaseStorageCombine-Community */,
			);
			productName = SheeBa;
			productReference = FD058BA22B468ACE00D4F467 /* SheeBa.app */;
			productType = "com.apple.product-type.application";
		};
/* End PBXNativeTarget section */

/* Begin PBXProject section */
		FD058B9A2B468ACE00D4F467 /* Project object */ = {
			isa = PBXProject;
			attributes = {
				BuildIndependentTargetsInParallel = 1;
				LastSwiftUpdateCheck = 1510;
				LastUpgradeCheck = 1510;
				TargetAttributes = {
					FD058BA12B468ACE00D4F467 = {
						CreatedOnToolsVersion = 15.1;
					};
				};
			};
			buildConfigurationList = FD058B9D2B468ACE00D4F467 /* Build configuration list for PBXProject "SheeBa" */;
			compatibilityVersion = "Xcode 14.0";
			developmentRegion = en;
			hasScannedForEncodings = 0;
			knownRegions = (
				en,
				Base,
			);
			mainGroup = FD058B992B468ACE00D4F467;
			packageReferences = (
				FD0BB74D2BBFD1BD00C92BDF /* XCRemoteSwiftPackageReference "CodeScanner" */,
				FD0BB7502BBFD1CD00C92BDF /* XCRemoteSwiftPackageReference "SDWebImageSwiftUI" */,
				FD7182E22BC0101E00F19579 /* XCRemoteSwiftPackageReference "firebase-ios-sdk" */,
			);
			productRefGroup = FD058BA32B468ACE00D4F467 /* Products */;
			projectDirPath = "";
			projectRoot = "";
			targets = (
				FD058BA12B468ACE00D4F467 /* SheeBa */,
			);
		};
/* End PBXProject section */

/* Begin PBXResourcesBuildPhase section */
		FD058BA02B468ACE00D4F467 /* Resources */ = {
			isa = PBXResourcesBuildPhase;
			buildActionMask = 2147483647;
			files = (
				FD058BAD2B468AD000D4F467 /* Preview Assets.xcassets in Resources */,
				FD058BAA2B468AD000D4F467 /* Assets.xcassets in Resources */,
				FD4122B82B46C46C0050F0BC /* GoogleService-Info.plist in Resources */,
			);
			runOnlyForDeploymentPostprocessing = 0;
		};
/* End PBXResourcesBuildPhase section */

/* Begin PBXSourcesBuildPhase section */
		FD058B9E2B468ACE00D4F467 /* Sources */ = {
			isa = PBXSourcesBuildPhase;
			buildActionMask = 2147483647;
			files = (
				FD8AC78A2BBEA979007B688E /* MapPin.swift in Sources */,
				FD14C99F2BC2B3E90071A8F4 /* StoreDetailView.swift in Sources */,
				FD058C072B468DA100D4F467 /* AlertBackButtonModifier.swift in Sources */,
				FD2DF3232B846DF70019E01D /* AdvertisementDetailView.swift in Sources */,
				FD38C1552B6A136E00714172 /* AlertNotification.swift in Sources */,
				FD1255AE2B73443500724EFD /* TodaysGetPointView.swift in Sources */,
				FD2DF3262B848FEA0019E01D /* StoreInfoListView.swift in Sources */,
				FD1161F62B4693ED000B0064 /* UpdateUsernameView.swift in Sources */,
				FD058BA82B468ACE00D4F467 /* ContentView.swift in Sources */,
				FD1161E82B46936D000B0064 /* ChatLogView.swift in Sources */,
				FD058C1D2B468EC400D4F467 /* FirebaseConstants.swift in Sources */,
				FDDF445F2B786E0500156558 /* NotificationListView.swift in Sources */,
				FD1161FC2B469461000B0064 /* CustomCapsule.swift in Sources */,
				FD1162042B4694AD000B0064 /* Indicator.swift in Sources */,
				FD1161E22B469021000B0064 /* HomeView.swift in Sources */,
				FD058C212B468EF400D4F467 /* RecentMessage.swift in Sources */,
				FD058BA62B468ACE00D4F467 /* SheeBaApp.swift in Sources */,
				FD1161DA2B468FD4000B0064 /* SetUpPasswordView.swift in Sources */,
				FD058C012B468D5E00D4F467 /* Setting.swift in Sources */,
				FD1161D62B468FB6000B0064 /* SetUpUsernameView.swift in Sources */,
				FDDF44672B7C7BE200156558 /* NotificationDetailView.swift in Sources */,
				FD1161EE2B4693A6000B0064 /* GetPointView.swift in Sources */,
				FD1162022B46949D000B0064 /* ImagePicker.swift in Sources */,
				FD058C0F2B468DEF00D4F467 /* ViewExtension.swift in Sources */,
				FD058C232B468F0100D4F467 /* Friend.swift in Sources */,
				FDDF44652B7B380300156558 /* NotificationModel.swift in Sources */,
				FD1161FE2B469470000B0064 /* InputText.swift in Sources */,
				FD9006152B9079C6006F68E0 /* MapView.swift in Sources */,
				FD1161F22B4693C9000B0064 /* CameraView.swift in Sources */,
				FD058C092B468DB900D4F467 /* SingleAlertModifier.swift in Sources */,
				FD1161F02B4693B6000B0064 /* StoreQRCodeView.swift in Sources */,
				FD2D21E52C990E0C00CE2C6E /* Stores.swift in Sources */,
				FD1161DE2B468FF8000B0064 /* SendEmailView.swift in Sources */,
				FD1BFDD92B4A7E780049CC53 /* UIViewExtension.swift in Sources */,
				FD2FA5932B70CBA500580C36 /* QRCodeScanner.swift in Sources */,
				FD1161D42B468F9E000B0064 /* EntryView.swift in Sources */,
				FD058C172B468E7000D4F467 /* ViewModel.swift in Sources */,
				FD058C112B468E1A00D4F467 /* DestructiveAlertModifier.swift in Sources */,
				FD1161EC2B46938C000B0064 /* QRCodeAndCameraView.swift in Sources */,
				FD058C1F2B468EE400D4F467 /* ChatMessage.swift in Sources */,
				FD2D21EB2CA2908300CE2C6E /* StoreEditListView.swift in Sources */,
				FD058C032B468D7C00D4F467 /* BackButtonModifier.swift in Sources */,
				FD4122C22B4823920050F0BC /* ConfirmEmailView.swift in Sources */,
				FD058C192B468E9300D4F467 /* ChatUser.swift in Sources */,
				FD1161F42B4693DE000B0064 /* AccountView.swift in Sources */,
				FD1161E62B46904D000B0064 /* CreateNewMessageView.swift in Sources */,
				FD058C0D2B468DDC00D4F467 /* TripleAlertModifier.swift in Sources */,
				FD058C0B2B468DCA00D4F467 /* DoubleAlertModifier.swift in Sources */,
				FD1255AC2B721B6C00724EFD /* RankingView.swift in Sources */,
				FD1161EA2B46937D000B0064 /* SendPayView.swift in Sources */,
				FD1161FA2B469451000B0064 /* Icon.swift in Sources */,
				FD058C1B2B468EB200D4F467 /* FirebaseManager.swift in Sources */,
				FD1161D82B468FC6000B0064 /* SetUpEmailView.swift in Sources */,
				FD2FA5952B70CCFD00580C36 /* QRScannerViewController.swift in Sources */,
				FD2D21E72C99118500CE2C6E /* CreateStoresView.swift in Sources */,
				FD4958512B4A26C700FE41EC /* NotConfirmEmailView.swift in Sources */,
				FD4122BB2B47BA9D0050F0BC /* MailCompose.swift in Sources */,
				FD0C49F22B875BC9004FA165 /* Sounds.swift in Sources */,
				FD50703D2B4B9A4B008C42E7 /* UpdateImageView.swift in Sources */,
				FD1BFDDB2B4A7FF70049CC53 /* ActivityView.swift in Sources */,
				FD2D21E92CA282D200CE2C6E /* CreateMapView.swift in Sources */,
				FD4122C02B47C8E90050F0BC /* SMSAuthView.swift in Sources */,
				FD2DF3282B8499520019E01D /* EditStoreInfoView.swift in Sources */,
				FD1161DC2B468FE9000B0064 /* LoginView.swift in Sources */,
				FDD4B41E2B834942002729A1 /* Advertisement.swift in Sources */,
				FD058C052B468D8F00D4F467 /* CloseButtonModifier.swift in Sources */,
				FD058C272B468F4700D4F467 /* TutorialView.swift in Sources */,
				FD058C152B468E5000D4F467 /* StringExtension.swift in Sources */,
				FD1162002B46947F000B0064 /* MessageView.swift in Sources */,
				FDDF44622B79FAC200156558 /* CreateNotificationView.swift in Sources */,
				FD058C252B468F1000D4F467 /* StorePoint.swift in Sources */,
				FD1161E02B469007000B0064 /* ResetPasswordView.swift in Sources */,
				FD1161F82B4693FE000B0064 /* UserAttributeView.swift in Sources */,
				FD3E68792B4D616200436F0A /* QRCodeView.swift in Sources */,
				FD4122BE2B47C6CD0050F0BC /* SetUpPhoneView.swift in Sources */,
				FD78E3B92C8AF90800BF346A /* DoubleTextAlertModifier.swift in Sources */,
				FD1161E42B46903A000B0064 /* MoneyTransferView.swift in Sources */,
				FD058C132B468E3B00D4F467 /* UIImageExtension.swift in Sources */,
				FD2DF3202B845DF90019E01D /* CreateAdvertisementView.swift in Sources */,
			);
			runOnlyForDeploymentPostprocessing = 0;
		};
/* End PBXSourcesBuildPhase section */

/* Begin XCBuildConfiguration section */
		FD058BAE2B468AD000D4F467 /* Debug */ = {
			isa = XCBuildConfiguration;
			buildSettings = {
				ALWAYS_SEARCH_USER_PATHS = NO;
				ASSETCATALOG_COMPILER_GENERATE_SWIFT_ASSET_SYMBOL_EXTENSIONS = YES;
				CLANG_ANALYZER_NONNULL = YES;
				CLANG_ANALYZER_NUMBER_OBJECT_CONVERSION = YES_AGGRESSIVE;
				CLANG_CXX_LANGUAGE_STANDARD = "gnu++20";
				CLANG_ENABLE_MODULES = YES;
				CLANG_ENABLE_OBJC_ARC = YES;
				CLANG_ENABLE_OBJC_WEAK = YES;
				CLANG_WARN_BLOCK_CAPTURE_AUTORELEASING = YES;
				CLANG_WARN_BOOL_CONVERSION = YES;
				CLANG_WARN_COMMA = YES;
				CLANG_WARN_CONSTANT_CONVERSION = YES;
				CLANG_WARN_DEPRECATED_OBJC_IMPLEMENTATIONS = YES;
				CLANG_WARN_DIRECT_OBJC_ISA_USAGE = YES_ERROR;
				CLANG_WARN_DOCUMENTATION_COMMENTS = YES;
				CLANG_WARN_EMPTY_BODY = YES;
				CLANG_WARN_ENUM_CONVERSION = YES;
				CLANG_WARN_INFINITE_RECURSION = YES;
				CLANG_WARN_INT_CONVERSION = YES;
				CLANG_WARN_NON_LITERAL_NULL_CONVERSION = YES;
				CLANG_WARN_OBJC_IMPLICIT_RETAIN_SELF = YES;
				CLANG_WARN_OBJC_LITERAL_CONVERSION = YES;
				CLANG_WARN_OBJC_ROOT_CLASS = YES_ERROR;
				CLANG_WARN_QUOTED_INCLUDE_IN_FRAMEWORK_HEADER = YES;
				CLANG_WARN_RANGE_LOOP_ANALYSIS = YES;
				CLANG_WARN_STRICT_PROTOTYPES = YES;
				CLANG_WARN_SUSPICIOUS_MOVE = YES;
				CLANG_WARN_UNGUARDED_AVAILABILITY = YES_AGGRESSIVE;
				CLANG_WARN_UNREACHABLE_CODE = YES;
				CLANG_WARN__DUPLICATE_METHOD_MATCH = YES;
				COPY_PHASE_STRIP = NO;
				DEBUG_INFORMATION_FORMAT = dwarf;
				ENABLE_STRICT_OBJC_MSGSEND = YES;
				ENABLE_TESTABILITY = YES;
				ENABLE_USER_SCRIPT_SANDBOXING = YES;
				GCC_C_LANGUAGE_STANDARD = gnu17;
				GCC_DYNAMIC_NO_PIC = NO;
				GCC_NO_COMMON_BLOCKS = YES;
				GCC_OPTIMIZATION_LEVEL = 0;
				GCC_PREPROCESSOR_DEFINITIONS = (
					"DEBUG=1",
					"$(inherited)",
				);
				GCC_WARN_64_TO_32_BIT_CONVERSION = YES;
				GCC_WARN_ABOUT_RETURN_TYPE = YES_ERROR;
				GCC_WARN_UNDECLARED_SELECTOR = YES;
				GCC_WARN_UNINITIALIZED_AUTOS = YES_AGGRESSIVE;
				GCC_WARN_UNUSED_FUNCTION = YES;
				GCC_WARN_UNUSED_VARIABLE = YES;
				IPHONEOS_DEPLOYMENT_TARGET = 17.4;
				LOCALIZATION_PREFERS_STRING_CATALOGS = YES;
				MTL_ENABLE_DEBUG_INFO = INCLUDE_SOURCE;
				MTL_FAST_MATH = YES;
				ONLY_ACTIVE_ARCH = YES;
				SDKROOT = iphoneos;
				SWIFT_ACTIVE_COMPILATION_CONDITIONS = "DEBUG $(inherited)";
				SWIFT_OPTIMIZATION_LEVEL = "-Onone";
			};
			name = Debug;
		};
		FD058BAF2B468AD000D4F467 /* Release */ = {
			isa = XCBuildConfiguration;
			buildSettings = {
				ALWAYS_SEARCH_USER_PATHS = NO;
				ASSETCATALOG_COMPILER_GENERATE_SWIFT_ASSET_SYMBOL_EXTENSIONS = YES;
				CLANG_ANALYZER_NONNULL = YES;
				CLANG_ANALYZER_NUMBER_OBJECT_CONVERSION = YES_AGGRESSIVE;
				CLANG_CXX_LANGUAGE_STANDARD = "gnu++20";
				CLANG_ENABLE_MODULES = YES;
				CLANG_ENABLE_OBJC_ARC = YES;
				CLANG_ENABLE_OBJC_WEAK = YES;
				CLANG_WARN_BLOCK_CAPTURE_AUTORELEASING = YES;
				CLANG_WARN_BOOL_CONVERSION = YES;
				CLANG_WARN_COMMA = YES;
				CLANG_WARN_CONSTANT_CONVERSION = YES;
				CLANG_WARN_DEPRECATED_OBJC_IMPLEMENTATIONS = YES;
				CLANG_WARN_DIRECT_OBJC_ISA_USAGE = YES_ERROR;
				CLANG_WARN_DOCUMENTATION_COMMENTS = YES;
				CLANG_WARN_EMPTY_BODY = YES;
				CLANG_WARN_ENUM_CONVERSION = YES;
				CLANG_WARN_INFINITE_RECURSION = YES;
				CLANG_WARN_INT_CONVERSION = YES;
				CLANG_WARN_NON_LITERAL_NULL_CONVERSION = YES;
				CLANG_WARN_OBJC_IMPLICIT_RETAIN_SELF = YES;
				CLANG_WARN_OBJC_LITERAL_CONVERSION = YES;
				CLANG_WARN_OBJC_ROOT_CLASS = YES_ERROR;
				CLANG_WARN_QUOTED_INCLUDE_IN_FRAMEWORK_HEADER = YES;
				CLANG_WARN_RANGE_LOOP_ANALYSIS = YES;
				CLANG_WARN_STRICT_PROTOTYPES = YES;
				CLANG_WARN_SUSPICIOUS_MOVE = YES;
				CLANG_WARN_UNGUARDED_AVAILABILITY = YES_AGGRESSIVE;
				CLANG_WARN_UNREACHABLE_CODE = YES;
				CLANG_WARN__DUPLICATE_METHOD_MATCH = YES;
				COPY_PHASE_STRIP = NO;
				DEBUG_INFORMATION_FORMAT = "dwarf-with-dsym";
				ENABLE_NS_ASSERTIONS = NO;
				ENABLE_STRICT_OBJC_MSGSEND = YES;
				ENABLE_USER_SCRIPT_SANDBOXING = YES;
				GCC_C_LANGUAGE_STANDARD = gnu17;
				GCC_NO_COMMON_BLOCKS = YES;
				GCC_WARN_64_TO_32_BIT_CONVERSION = YES;
				GCC_WARN_ABOUT_RETURN_TYPE = YES_ERROR;
				GCC_WARN_UNDECLARED_SELECTOR = YES;
				GCC_WARN_UNINITIALIZED_AUTOS = YES_AGGRESSIVE;
				GCC_WARN_UNUSED_FUNCTION = YES;
				GCC_WARN_UNUSED_VARIABLE = YES;
				IPHONEOS_DEPLOYMENT_TARGET = 17.4;
				LOCALIZATION_PREFERS_STRING_CATALOGS = YES;
				MTL_ENABLE_DEBUG_INFO = NO;
				MTL_FAST_MATH = YES;
				SDKROOT = iphoneos;
				SWIFT_COMPILATION_MODE = wholemodule;
				VALIDATE_PRODUCT = YES;
			};
			name = Release;
		};
		FD058BB12B468AD000D4F467 /* Debug */ = {
			isa = XCBuildConfiguration;
			buildSettings = {
				ASSETCATALOG_COMPILER_APPICON_NAME = AppIcon;
				ASSETCATALOG_COMPILER_GLOBAL_ACCENT_COLOR_NAME = AccentColor;
				CODE_SIGN_ENTITLEMENTS = SheeBa/SheeBa.entitlements;
				CODE_SIGN_STYLE = Automatic;
				CURRENT_PROJECT_VERSION = 11;
				DEVELOPMENT_ASSET_PATHS = "\"SheeBa/Preview Content\"";
				DEVELOPMENT_TEAM = T9U9A227FB;
				ENABLE_PREVIEWS = YES;
				GENERATE_INFOPLIST_FILE = YES;
				INFOPLIST_FILE = SheeBa/Info.plist;
				INFOPLIST_KEY_CFBundleDisplayName = SheeBa;
				INFOPLIST_KEY_NSCameraUsageDescription = "QRコードを読み取る為に使用します。";
				INFOPLIST_KEY_NSLocationWhenInUseUsageDescription = "位置情報は、地図上での位置の表示に使用されます。";
				INFOPLIST_KEY_NSPhotoLibraryUsageDescription = "店舗用QRコードを保存するために使用します。";
				INFOPLIST_KEY_UIApplicationSceneManifest_Generation = YES;
				INFOPLIST_KEY_UIApplicationSupportsIndirectInputEvents = YES;
				INFOPLIST_KEY_UISupportedInterfaceOrientations = UIInterfaceOrientationPortrait;
				INFOPLIST_KEY_UISupportedInterfaceOrientations_iPad = "UIInterfaceOrientationLandscapeLeft UIInterfaceOrientationLandscapeRight UIInterfaceOrientationPortrait UIInterfaceOrientationPortraitUpsideDown";
				INFOPLIST_KEY_UIUserInterfaceStyle = Light;
				IPHONEOS_DEPLOYMENT_TARGET = 16.0;
				LD_RUNPATH_SEARCH_PATHS = (
					"$(inherited)",
					"@executable_path/Frameworks",
				);
				MARKETING_VERSION = 1.3;
				PRODUCT_BUNDLE_IDENTIFIER = com.hiroki.SheeBa;
				PRODUCT_NAME = "$(TARGET_NAME)";
				SUPPORTED_PLATFORMS = "iphoneos iphonesimulator";
				SUPPORTS_MACCATALYST = NO;
				SUPPORTS_MAC_DESIGNED_FOR_IPHONE_IPAD = NO;
				SWIFT_EMIT_LOC_STRINGS = YES;
				SWIFT_VERSION = 5.0;
				TARGETED_DEVICE_FAMILY = 1;
			};
			name = Debug;
		};
		FD058BB22B468AD000D4F467 /* Release */ = {
			isa = XCBuildConfiguration;
			buildSettings = {
				ASSETCATALOG_COMPILER_APPICON_NAME = AppIcon;
				ASSETCATALOG_COMPILER_GLOBAL_ACCENT_COLOR_NAME = AccentColor;
				CODE_SIGN_ENTITLEMENTS = SheeBa/SheeBa.entitlements;
				CODE_SIGN_STYLE = Automatic;
				CURRENT_PROJECT_VERSION = 11;
				DEVELOPMENT_ASSET_PATHS = "\"SheeBa/Preview Content\"";
				DEVELOPMENT_TEAM = T9U9A227FB;
				ENABLE_PREVIEWS = YES;
				GENERATE_INFOPLIST_FILE = YES;
				INFOPLIST_FILE = SheeBa/Info.plist;
				INFOPLIST_KEY_CFBundleDisplayName = SheeBa;
				INFOPLIST_KEY_NSCameraUsageDescription = "QRコードを読み取る為に使用します。";
				INFOPLIST_KEY_NSLocationWhenInUseUsageDescription = "位置情報は、地図上での位置の表示に使用されます。";
				INFOPLIST_KEY_NSPhotoLibraryUsageDescription = "店舗用QRコードを保存するために使用します。";
				INFOPLIST_KEY_UIApplicationSceneManifest_Generation = YES;
				INFOPLIST_KEY_UIApplicationSupportsIndirectInputEvents = YES;
				INFOPLIST_KEY_UISupportedInterfaceOrientations = UIInterfaceOrientationPortrait;
				INFOPLIST_KEY_UISupportedInterfaceOrientations_iPad = "UIInterfaceOrientationLandscapeLeft UIInterfaceOrientationLandscapeRight UIInterfaceOrientationPortrait UIInterfaceOrientationPortraitUpsideDown";
				INFOPLIST_KEY_UIUserInterfaceStyle = Light;
				IPHONEOS_DEPLOYMENT_TARGET = 16.0;
				LD_RUNPATH_SEARCH_PATHS = (
					"$(inherited)",
					"@executable_path/Frameworks",
				);
				MARKETING_VERSION = 1.3;
				PRODUCT_BUNDLE_IDENTIFIER = com.hiroki.SheeBa;
				PRODUCT_NAME = "$(TARGET_NAME)";
				SUPPORTED_PLATFORMS = "iphoneos iphonesimulator";
				SUPPORTS_MACCATALYST = NO;
				SUPPORTS_MAC_DESIGNED_FOR_IPHONE_IPAD = NO;
				SWIFT_EMIT_LOC_STRINGS = YES;
				SWIFT_VERSION = 5.0;
				TARGETED_DEVICE_FAMILY = 1;
			};
			name = Release;
		};
/* End XCBuildConfiguration section */

/* Begin XCConfigurationList section */
		FD058B9D2B468ACE00D4F467 /* Build configuration list for PBXProject "SheeBa" */ = {
			isa = XCConfigurationList;
			buildConfigurations = (
				FD058BAE2B468AD000D4F467 /* Debug */,
				FD058BAF2B468AD000D4F467 /* Release */,
			);
			defaultConfigurationIsVisible = 0;
			defaultConfigurationName = Release;
		};
		FD058BB02B468AD000D4F467 /* Build configuration list for PBXNativeTarget "SheeBa" */ = {
			isa = XCConfigurationList;
			buildConfigurations = (
				FD058BB12B468AD000D4F467 /* Debug */,
				FD058BB22B468AD000D4F467 /* Release */,
			);
			defaultConfigurationIsVisible = 0;
			defaultConfigurationName = Release;
		};
/* End XCConfigurationList section */

/* Begin XCRemoteSwiftPackageReference section */
		FD0BB74D2BBFD1BD00C92BDF /* XCRemoteSwiftPackageReference "CodeScanner" */ = {
			isa = XCRemoteSwiftPackageReference;
			repositoryURL = "https://github.com/twostraws/CodeScanner";
			requirement = {
				kind = upToNextMajorVersion;
				minimumVersion = 2.4.0;
			};
		};
		FD0BB7502BBFD1CD00C92BDF /* XCRemoteSwiftPackageReference "SDWebImageSwiftUI" */ = {
			isa = XCRemoteSwiftPackageReference;
			repositoryURL = "https://github.com/SDWebImage/SDWebImageSwiftUI";
			requirement = {
				kind = upToNextMajorVersion;
				minimumVersion = 3.0.2;
			};
		};
		FD7182E22BC0101E00F19579 /* XCRemoteSwiftPackageReference "firebase-ios-sdk" */ = {
			isa = XCRemoteSwiftPackageReference;
			repositoryURL = "https://github.com/firebase/firebase-ios-sdk.git";
			requirement = {
				kind = upToNextMajorVersion;
				minimumVersion = 10.23.1;
			};
		};
/* End XCRemoteSwiftPackageReference section */

/* Begin XCSwiftPackageProductDependency section */
		FD0BB74E2BBFD1BD00C92BDF /* CodeScanner */ = {
			isa = XCSwiftPackageProductDependency;
			package = FD0BB74D2BBFD1BD00C92BDF /* XCRemoteSwiftPackageReference "CodeScanner" */;
			productName = CodeScanner;
		};
		FD0BB7512BBFD1CD00C92BDF /* SDWebImageSwiftUI */ = {
			isa = XCSwiftPackageProductDependency;
			package = FD0BB7502BBFD1CD00C92BDF /* XCRemoteSwiftPackageReference "SDWebImageSwiftUI" */;
			productName = SDWebImageSwiftUI;
		};
		FD7182E32BC0101E00F19579 /* FirebaseAnalytics */ = {
			isa = XCSwiftPackageProductDependency;
			package = FD7182E22BC0101E00F19579 /* XCRemoteSwiftPackageReference "firebase-ios-sdk" */;
			productName = FirebaseAnalytics;
		};
		FD7182E52BC0101E00F19579 /* FirebaseAnalyticsOnDeviceConversion */ = {
			isa = XCSwiftPackageProductDependency;
			package = FD7182E22BC0101E00F19579 /* XCRemoteSwiftPackageReference "firebase-ios-sdk" */;
			productName = FirebaseAnalyticsOnDeviceConversion;
		};
		FD7182E72BC0101E00F19579 /* FirebaseAnalyticsSwift */ = {
			isa = XCSwiftPackageProductDependency;
			package = FD7182E22BC0101E00F19579 /* XCRemoteSwiftPackageReference "firebase-ios-sdk" */;
			productName = FirebaseAnalyticsSwift;
		};
		FD7182E92BC0101E00F19579 /* FirebaseAnalyticsWithoutAdIdSupport */ = {
			isa = XCSwiftPackageProductDependency;
			package = FD7182E22BC0101E00F19579 /* XCRemoteSwiftPackageReference "firebase-ios-sdk" */;
			productName = FirebaseAnalyticsWithoutAdIdSupport;
		};
		FD7182EB2BC0101E00F19579 /* FirebaseAppCheck */ = {
			isa = XCSwiftPackageProductDependency;
			package = FD7182E22BC0101E00F19579 /* XCRemoteSwiftPackageReference "firebase-ios-sdk" */;
			productName = FirebaseAppCheck;
		};
		FD7182ED2BC0101E00F19579 /* FirebaseAppDistribution-Beta */ = {
			isa = XCSwiftPackageProductDependency;
			package = FD7182E22BC0101E00F19579 /* XCRemoteSwiftPackageReference "firebase-ios-sdk" */;
			productName = "FirebaseAppDistribution-Beta";
		};
		FD7182EF2BC0101E00F19579 /* FirebaseAuth */ = {
			isa = XCSwiftPackageProductDependency;
			package = FD7182E22BC0101E00F19579 /* XCRemoteSwiftPackageReference "firebase-ios-sdk" */;
			productName = FirebaseAuth;
		};
		FD7182F12BC0101E00F19579 /* FirebaseAuthCombine-Community */ = {
			isa = XCSwiftPackageProductDependency;
			package = FD7182E22BC0101E00F19579 /* XCRemoteSwiftPackageReference "firebase-ios-sdk" */;
			productName = "FirebaseAuthCombine-Community";
		};
		FD7182F32BC0101E00F19579 /* FirebaseCrashlytics */ = {
			isa = XCSwiftPackageProductDependency;
			package = FD7182E22BC0101E00F19579 /* XCRemoteSwiftPackageReference "firebase-ios-sdk" */;
			productName = FirebaseCrashlytics;
		};
		FD7182F52BC0101E00F19579 /* FirebaseDatabase */ = {
			isa = XCSwiftPackageProductDependency;
			package = FD7182E22BC0101E00F19579 /* XCRemoteSwiftPackageReference "firebase-ios-sdk" */;
			productName = FirebaseDatabase;
		};
		FD7182F72BC0101E00F19579 /* FirebaseDatabaseSwift */ = {
			isa = XCSwiftPackageProductDependency;
			package = FD7182E22BC0101E00F19579 /* XCRemoteSwiftPackageReference "firebase-ios-sdk" */;
			productName = FirebaseDatabaseSwift;
		};
		FD7182F92BC0101E00F19579 /* FirebaseDynamicLinks */ = {
			isa = XCSwiftPackageProductDependency;
			package = FD7182E22BC0101E00F19579 /* XCRemoteSwiftPackageReference "firebase-ios-sdk" */;
			productName = FirebaseDynamicLinks;
		};
		FD7182FB2BC0101E00F19579 /* FirebaseFirestore */ = {
			isa = XCSwiftPackageProductDependency;
			package = FD7182E22BC0101E00F19579 /* XCRemoteSwiftPackageReference "firebase-ios-sdk" */;
			productName = FirebaseFirestore;
		};
		FD7182FD2BC0101E00F19579 /* FirebaseFirestoreCombine-Community */ = {
			isa = XCSwiftPackageProductDependency;
			package = FD7182E22BC0101E00F19579 /* XCRemoteSwiftPackageReference "firebase-ios-sdk" */;
			productName = "FirebaseFirestoreCombine-Community";
		};
		FD7182FF2BC0101E00F19579 /* FirebaseFirestoreSwift */ = {
			isa = XCSwiftPackageProductDependency;
			package = FD7182E22BC0101E00F19579 /* XCRemoteSwiftPackageReference "firebase-ios-sdk" */;
			productName = FirebaseFirestoreSwift;
		};
		FD7183012BC0101E00F19579 /* FirebaseFunctions */ = {
			isa = XCSwiftPackageProductDependency;
			package = FD7182E22BC0101E00F19579 /* XCRemoteSwiftPackageReference "firebase-ios-sdk" */;
			productName = FirebaseFunctions;
		};
		FD7183032BC0101E00F19579 /* FirebaseFunctionsCombine-Community */ = {
			isa = XCSwiftPackageProductDependency;
			package = FD7182E22BC0101E00F19579 /* XCRemoteSwiftPackageReference "firebase-ios-sdk" */;
			productName = "FirebaseFunctionsCombine-Community";
		};
		FD7183052BC0101E00F19579 /* FirebaseInAppMessaging-Beta */ = {
			isa = XCSwiftPackageProductDependency;
			package = FD7182E22BC0101E00F19579 /* XCRemoteSwiftPackageReference "firebase-ios-sdk" */;
			productName = "FirebaseInAppMessaging-Beta";
		};
		FD7183072BC0101E00F19579 /* FirebaseInAppMessagingSwift-Beta */ = {
			isa = XCSwiftPackageProductDependency;
			package = FD7182E22BC0101E00F19579 /* XCRemoteSwiftPackageReference "firebase-ios-sdk" */;
			productName = "FirebaseInAppMessagingSwift-Beta";
		};
		FD7183092BC0101E00F19579 /* FirebaseInstallations */ = {
			isa = XCSwiftPackageProductDependency;
			package = FD7182E22BC0101E00F19579 /* XCRemoteSwiftPackageReference "firebase-ios-sdk" */;
			productName = FirebaseInstallations;
		};
		FD71830B2BC0101E00F19579 /* FirebaseMLModelDownloader */ = {
			isa = XCSwiftPackageProductDependency;
			package = FD7182E22BC0101E00F19579 /* XCRemoteSwiftPackageReference "firebase-ios-sdk" */;
			productName = FirebaseMLModelDownloader;
		};
		FD71830D2BC0101E00F19579 /* FirebaseMessaging */ = {
			isa = XCSwiftPackageProductDependency;
			package = FD7182E22BC0101E00F19579 /* XCRemoteSwiftPackageReference "firebase-ios-sdk" */;
			productName = FirebaseMessaging;
		};
		FD71830F2BC0101E00F19579 /* FirebasePerformance */ = {
			isa = XCSwiftPackageProductDependency;
			package = FD7182E22BC0101E00F19579 /* XCRemoteSwiftPackageReference "firebase-ios-sdk" */;
			productName = FirebasePerformance;
		};
		FD7183112BC0101E00F19579 /* FirebaseRemoteConfig */ = {
			isa = XCSwiftPackageProductDependency;
			package = FD7182E22BC0101E00F19579 /* XCRemoteSwiftPackageReference "firebase-ios-sdk" */;
			productName = FirebaseRemoteConfig;
		};
		FD7183132BC0101E00F19579 /* FirebaseRemoteConfigSwift */ = {
			isa = XCSwiftPackageProductDependency;
			package = FD7182E22BC0101E00F19579 /* XCRemoteSwiftPackageReference "firebase-ios-sdk" */;
			productName = FirebaseRemoteConfigSwift;
		};
		FD7183152BC0101E00F19579 /* FirebaseStorage */ = {
			isa = XCSwiftPackageProductDependency;
			package = FD7182E22BC0101E00F19579 /* XCRemoteSwiftPackageReference "firebase-ios-sdk" */;
			productName = FirebaseStorage;
		};
		FD7183172BC0101E00F19579 /* FirebaseStorageCombine-Community */ = {
			isa = XCSwiftPackageProductDependency;
			package = FD7182E22BC0101E00F19579 /* XCRemoteSwiftPackageReference "firebase-ios-sdk" */;
			productName = "FirebaseStorageCombine-Community";
		};
/* End XCSwiftPackageProductDependency section */
	};
	rootObject = FD058B9A2B468ACE00D4F467 /* Project object */;
}
